
Microsoft Visual Studio Solution File, Format Version 12.00
# Visual Studio 15
VisualStudioVersion = 15.0.28010.0
MinimumVisualStudioVersion = 10.0.40219.1
Project("{FAE04EC0-301F-11D3-BF4B-00C04F79EFBC}") = "Api", "Api\Api.csproj", "{AA5201FC-BDDD-4A52-9982-639BDDF9E252}"
EndProject
Project("{FAE04EC0-301F-11D3-BF4B-00C04F79EFBC}") = "Tests", "Tests\Tests.csproj", "{F239DE83-1DB6-429A-B8C2-FA1F9433495F}"
EndProject
Project("{E53339B2-1760-4266-BCC7-CA923CBCF16C}") = "docker-compose", "docker-compose.dcproj", "{95274A9F-0B27-4FB3-AC98-B154276A5EED}"
EndProject
Global
	GlobalSection(SolutionConfigurationPlatforms) = preSolution
		Debug|Any CPU = Debug|Any CPU
		Release|Any CPU = Release|Any CPU
	EndGlobalSection
	GlobalSection(ProjectConfigurationPlatforms) = postSolution
		{AA5201FC-BDDD-4A52-9982-639BDDF9E252}.Debug|Any CPU.ActiveCfg = Debug|Any CPU
		{AA5201FC-BDDD-4A52-9982-639BDDF9E252}.Debug|Any CPU.Build.0 = Debug|Any CPU
		{AA5201FC-BDDD-4A52-9982-639BDDF9E252}.Release|Any CPU.ActiveCfg = Release|Any CPU
		{AA5201FC-BDDD-4A52-9982-639BDDF9E252}.Release|Any CPU.Build.0 = Release|Any CPU
		{F239DE83-1DB6-429A-B8C2-FA1F9433495F}.Debug|Any CPU.ActiveCfg = Debug|Any CPU
		{F239DE83-1DB6-429A-B8C2-FA1F9433495F}.Debug|Any CPU.Build.0 = Debug|Any CPU
		{F239DE83-1DB6-429A-B8C2-FA1F9433495F}.Release|Any CPU.ActiveCfg = Release|Any CPU
		{F239DE83-1DB6-429A-B8C2-FA1F9433495F}.Release|Any CPU.Build.0 = Release|Any CPU
		{95274A9F-0B27-4FB3-AC98-B154276A5EED}.Debug|Any CPU.ActiveCfg = Debug|Any CPU
		{95274A9F-0B27-4FB3-AC98-B154276A5EED}.Debug|Any CPU.Build.0 = Debug|Any CPU
		{95274A9F-0B27-4FB3-AC98-B154276A5EED}.Release|Any CPU.ActiveCfg = Release|Any CPU
		{95274A9F-0B27-4FB3-AC98-B154276A5EED}.Release|Any CPU.Build.0 = Release|Any CPU
	EndGlobalSection
	GlobalSection(SolutionProperties) = preSolution
		HideSolutionNode = FALSE
	EndGlobalSection
	GlobalSection(ExtensibilityGlobals) = postSolution
		SolutionGuid = {F7C6F1B1-EC33-4107-ABFC-D644241167B4}
	EndGlobalSection
EndGlobal
